
Microsoft Visual Studio Solution File, Format Version 12.00
# Visual Studio 14
VisualStudioVersion = 14.0.25420.1
MinimumVisualStudioVersion = 10.0.40219.1
Project("{FAE04EC0-301F-11D3-BF4B-00C04F79EFBC}") = "TransportApi.Portable.Sdk", "TransitApi.Portable.Sdk\TransportApi.Portable.Sdk.csproj", "{15CBC47E-4F68-4B3F-9F73-68097FAC8EEC}"
EndProject
Project("{FAE04EC0-301F-11D3-BF4B-00C04F79EFBC}") = "TransportApi.Portable.Sdk.UnitTestApp", "TransitApi.Portable.Sdk.UnitTestApp\TransportApi.Portable.Sdk.UnitTestApp.csproj", "{A3703FFB-02FC-421E-96CB-11E0C49E567D}"
EndProject
Project("{FAE04EC0-301F-11D3-BF4B-00C04F79EFBC}") = "TransportApi.Sdk", "TransitApi.Sdk\TransportApi.Sdk.csproj", "{16807C8D-D783-4B4E-9F7C-6D932647AD66}"
EndProject
Project("{FAE04EC0-301F-11D3-BF4B-00C04F79EFBC}") = "TransportApi.Sdk.UnitTests", "TransitApi.Sdk.UnitTests\TransportApi.Sdk.UnitTests.csproj", "{91493C2E-92A5-40BF-A82C-8912B6119464}"
EndProject
Project("{D954291E-2A0B-460D-934E-DC6B0785DB48}") = "TransportApi.Shared", "TransitApi.Shared\TransportApi.Shared.shproj", "{BF2A034C-9D80-4A80-9656-B49458AF588B}"
EndProject
Global
	GlobalSection(SharedMSBuildProjectFiles) = preSolution
		TransitApi.Shared\TransitApi.Shared.projitems*{15cbc47e-4f68-4b3f-9f73-68097fac8eec}*SharedItemsImports = 4
		TransitApi.Shared\TransitApi.Shared.projitems*{16807c8d-d783-4b4e-9f7c-6d932647ad66}*SharedItemsImports = 4
		TransitApi.Shared\TransitApi.Shared.projitems*{bf2a034c-9d80-4a80-9656-b49458af588b}*SharedItemsImports = 13
	EndGlobalSection
	GlobalSection(SolutionConfigurationPlatforms) = preSolution
		Debug|Any CPU = Debug|Any CPU
		Debug|ARM = Debug|ARM
		Debug|x86 = Debug|x86
		Release|Any CPU = Release|Any CPU
		Release|ARM = Release|ARM
		Release|x86 = Release|x86
	EndGlobalSection
	GlobalSection(ProjectConfigurationPlatforms) = postSolution
		{15CBC47E-4F68-4B3F-9F73-68097FAC8EEC}.Debug|Any CPU.ActiveCfg = Debug|Any CPU
		{15CBC47E-4F68-4B3F-9F73-68097FAC8EEC}.Debug|Any CPU.Build.0 = Debug|Any CPU
		{15CBC47E-4F68-4B3F-9F73-68097FAC8EEC}.Debug|ARM.ActiveCfg = Debug|ARM
		{15CBC47E-4F68-4B3F-9F73-68097FAC8EEC}.Debug|ARM.Build.0 = Debug|ARM
		{15CBC47E-4F68-4B3F-9F73-68097FAC8EEC}.Debug|x86.ActiveCfg = Debug|x86
		{15CBC47E-4F68-4B3F-9F73-68097FAC8EEC}.Debug|x86.Build.0 = Debug|x86
		{15CBC47E-4F68-4B3F-9F73-68097FAC8EEC}.Release|Any CPU.ActiveCfg = Release|Any CPU
		{15CBC47E-4F68-4B3F-9F73-68097FAC8EEC}.Release|Any CPU.Build.0 = Release|Any CPU
		{15CBC47E-4F68-4B3F-9F73-68097FAC8EEC}.Release|ARM.ActiveCfg = Release|ARM
		{15CBC47E-4F68-4B3F-9F73-68097FAC8EEC}.Release|ARM.Build.0 = Release|ARM
		{15CBC47E-4F68-4B3F-9F73-68097FAC8EEC}.Release|x86.ActiveCfg = Release|x86
		{15CBC47E-4F68-4B3F-9F73-68097FAC8EEC}.Release|x86.Build.0 = Release|x86
		{A3703FFB-02FC-421E-96CB-11E0C49E567D}.Debug|Any CPU.ActiveCfg = Debug|x86
		{A3703FFB-02FC-421E-96CB-11E0C49E567D}.Debug|ARM.ActiveCfg = Debug|ARM
		{A3703FFB-02FC-421E-96CB-11E0C49E567D}.Debug|ARM.Build.0 = Debug|ARM
		{A3703FFB-02FC-421E-96CB-11E0C49E567D}.Debug|ARM.Deploy.0 = Debug|ARM
		{A3703FFB-02FC-421E-96CB-11E0C49E567D}.Debug|x86.ActiveCfg = Debug|x86
		{A3703FFB-02FC-421E-96CB-11E0C49E567D}.Debug|x86.Build.0 = Debug|x86
		{A3703FFB-02FC-421E-96CB-11E0C49E567D}.Debug|x86.Deploy.0 = Debug|x86
		{A3703FFB-02FC-421E-96CB-11E0C49E567D}.Release|Any CPU.ActiveCfg = Release|x86
		{A3703FFB-02FC-421E-96CB-11E0C49E567D}.Release|ARM.ActiveCfg = Release|ARM
		{A3703FFB-02FC-421E-96CB-11E0C49E567D}.Release|ARM.Build.0 = Release|ARM
		{A3703FFB-02FC-421E-96CB-11E0C49E567D}.Release|ARM.Deploy.0 = Release|ARM
		{A3703FFB-02FC-421E-96CB-11E0C49E567D}.Release|x86.ActiveCfg = Release|x86
		{A3703FFB-02FC-421E-96CB-11E0C49E567D}.Release|x86.Build.0 = Release|x86
		{A3703FFB-02FC-421E-96CB-11E0C49E567D}.Release|x86.Deploy.0 = Release|x86
		{16807C8D-D783-4B4E-9F7C-6D932647AD66}.Debug|Any CPU.ActiveCfg = Debug|Any CPU
		{16807C8D-D783-4B4E-9F7C-6D932647AD66}.Debug|Any CPU.Build.0 = Debug|Any CPU
		{16807C8D-D783-4B4E-9F7C-6D932647AD66}.Debug|ARM.ActiveCfg = Debug|Any CPU
		{16807C8D-D783-4B4E-9F7C-6D932647AD66}.Debug|ARM.Build.0 = Debug|Any CPU
		{16807C8D-D783-4B4E-9F7C-6D932647AD66}.Debug|x86.ActiveCfg = Debug|Any CPU
		{16807C8D-D783-4B4E-9F7C-6D932647AD66}.Debug|x86.Build.0 = Debug|Any CPU
		{16807C8D-D783-4B4E-9F7C-6D932647AD66}.Release|Any CPU.ActiveCfg = Release|Any CPU
		{16807C8D-D783-4B4E-9F7C-6D932647AD66}.Release|Any CPU.Build.0 = Release|Any CPU
		{16807C8D-D783-4B4E-9F7C-6D932647AD66}.Release|ARM.ActiveCfg = Release|Any CPU
		{16807C8D-D783-4B4E-9F7C-6D932647AD66}.Release|ARM.Build.0 = Release|Any CPU
		{16807C8D-D783-4B4E-9F7C-6D932647AD66}.Release|x86.ActiveCfg = Release|Any CPU
		{16807C8D-D783-4B4E-9F7C-6D932647AD66}.Release|x86.Build.0 = Release|Any CPU
		{91493C2E-92A5-40BF-A82C-8912B6119464}.Debug|Any CPU.ActiveCfg = Debug|Any CPU
		{91493C2E-92A5-40BF-A82C-8912B6119464}.Debug|Any CPU.Build.0 = Debug|Any CPU
		{91493C2E-92A5-40BF-A82C-8912B6119464}.Debug|ARM.ActiveCfg = Debug|Any CPU
		{91493C2E-92A5-40BF-A82C-8912B6119464}.Debug|ARM.Build.0 = Debug|Any CPU
		{91493C2E-92A5-40BF-A82C-8912B6119464}.Debug|x86.ActiveCfg = Debug|Any CPU
		{91493C2E-92A5-40BF-A82C-8912B6119464}.Debug|x86.Build.0 = Debug|Any CPU
		{91493C2E-92A5-40BF-A82C-8912B6119464}.Release|Any CPU.ActiveCfg = Release|Any CPU
		{91493C2E-92A5-40BF-A82C-8912B6119464}.Release|Any CPU.Build.0 = Release|Any CPU
		{91493C2E-92A5-40BF-A82C-8912B6119464}.Release|ARM.ActiveCfg = Release|Any CPU
		{91493C2E-92A5-40BF-A82C-8912B6119464}.Release|ARM.Build.0 = Release|Any CPU
		{91493C2E-92A5-40BF-A82C-8912B6119464}.Release|x86.ActiveCfg = Release|Any CPU
		{91493C2E-92A5-40BF-A82C-8912B6119464}.Release|x86.Build.0 = Release|Any CPU
	EndGlobalSection
	GlobalSection(SolutionProperties) = preSolution
		HideSolutionNode = FALSE
	EndGlobalSection
EndGlobal
